
Microsoft Visual Studio Solution File, Format Version 12.00
Project("{F2A71F9B-5D33-465A-A702-920D77279786}") = "aoc2019", "aoc2019\aoc2019.fsproj", "{9728D860-DB4E-4CFD-9335-28A1DDAECBB2}"
EndProject
Global
	GlobalSection(SolutionConfigurationPlatforms) = preSolution
		Debug|Any CPU = Debug|Any CPU
		Release|Any CPU = Release|Any CPU
	EndGlobalSection
	GlobalSection(ProjectConfigurationPlatforms) = postSolution
		{9728D860-DB4E-4CFD-9335-28A1DDAECBB2}.Debug|Any CPU.ActiveCfg = Debug|Any CPU
		{9728D860-DB4E-4CFD-9335-28A1DDAECBB2}.Debug|Any CPU.Build.0 = Debug|Any CPU
		{9728D860-DB4E-4CFD-9335-28A1DDAECBB2}.Release|Any CPU.ActiveCfg = Release|Any CPU
		{9728D860-DB4E-4CFD-9335-28A1DDAECBB2}.Release|Any CPU.Build.0 = Release|Any CPU
	EndGlobalSection
EndGlobal
